
Microsoft Visual Studio Solution File, Format Version 12.00
# Visual Studio Version 16
VisualStudioVersion = 16.0.30804.86
MinimumVisualStudioVersion = 10.0.40219.1
Project("{FAE04EC0-301F-11D3-BF4B-00C04F79EFBC}") = "Buchgeschäft", "Buchgeschäft\Buchgeschäft.csproj", "{46194C5B-A481-47A8-B4F8-B9DFD9BE0908}"
EndProject
Global
	GlobalSection(SolutionConfigurationPlatforms) = preSolution
		Debug|Any CPU = Debug|Any CPU
		Release|Any CPU = Release|Any CPU
	EndGlobalSection
	GlobalSection(ProjectConfigurationPlatforms) = postSolution
		{46194C5B-A481-47A8-B4F8-B9DFD9BE0908}.Debug|Any CPU.ActiveCfg = Debug|Any CPU
		{46194C5B-A481-47A8-B4F8-B9DFD9BE0908}.Debug|Any CPU.Build.0 = Debug|Any CPU
		{46194C5B-A481-47A8-B4F8-B9DFD9BE0908}.Release|Any CPU.ActiveCfg = Release|Any CPU
		{46194C5B-A481-47A8-B4F8-B9DFD9BE0908}.Release|Any CPU.Build.0 = Release|Any CPU
	EndGlobalSection
	GlobalSection(SolutionProperties) = preSolution
		HideSolutionNode = FALSE
	EndGlobalSection
	GlobalSection(ExtensibilityGlobals) = postSolution
		SolutionGuid = {CCF876EC-DEF0-43A8-82CC-59CE427917F3}
	EndGlobalSection
EndGlobal
